// !$*UTF8*$!
{
	archiveVersion = 1;
	classes = {
	};
	objectVersion = 50;
	objects = {

/* Begin PBXBuildFile section */
		EF4147D526DAC62900F06B42 /* AppDelegate.swift in Sources */ = {isa = PBXBuildFile; fileRef = EF4147D426DAC62900F06B42 /* AppDelegate.swift */; };
		EF4147D726DAC62900F06B42 /* SceneDelegate.swift in Sources */ = {isa = PBXBuildFile; fileRef = EF4147D626DAC62900F06B42 /* SceneDelegate.swift */; };
		EF4147D926DAC62900F06B42 /* ContentView.swift in Sources */ = {isa = PBXBuildFile; fileRef = EF4147D826DAC62900F06B42 /* ContentView.swift */; };
		EF4147DC26DAC62900F06B42 /* weather_app_test.xcdatamodeld in Sources */ = {isa = PBXBuildFile; fileRef = EF4147DA26DAC62900F06B42 /* weather_app_test.xcdatamodeld */; };
		EF4147DE26DAC63000F06B42 /* Assets.xcassets in Resources */ = {isa = PBXBuildFile; fileRef = EF4147DD26DAC63000F06B42 /* Assets.xcassets */; };
		EF4147E126DAC63000F06B42 /* Preview Assets.xcassets in Resources */ = {isa = PBXBuildFile; fileRef = EF4147E026DAC63000F06B42 /* Preview Assets.xcassets */; };
		EF4147E426DAC63000F06B42 /* LaunchScreen.storyboard in Resources */ = {isa = PBXBuildFile; fileRef = EF4147E226DAC63000F06B42 /* LaunchScreen.storyboard */; };
		EF6905EC278492970033023F /* StringConstants.swift in Sources */ = {isa = PBXBuildFile; fileRef = EF6905EB278492970033023F /* StringConstants.swift */; };
		EF80D927277B46D0006CE16A /* Cities.swift in Sources */ = {isa = PBXBuildFile; fileRef = EF80D926277B46D0006CE16A /* Cities.swift */; };
		EF80D930277B62BC006CE16A /* CityRow.swift in Sources */ = {isa = PBXBuildFile; fileRef = EF80D92F277B62BC006CE16A /* CityRow.swift */; };
		EFC819892768968500C37BD1 /* WeatherManager.swift in Sources */ = {isa = PBXBuildFile; fileRef = EFC819882768968500C37BD1 /* WeatherManager.swift */; };
		EFC8198D276896E100C37BD1 /* CurrentWeather.swift in Sources */ = {isa = PBXBuildFile; fileRef = EFC8198C276896E100C37BD1 /* CurrentWeather.swift */; };
		EFCCB55A2779F6CB00915049 /* CityListingView.swift in Sources */ = {isa = PBXBuildFile; fileRef = EFCCB5592779F6CB00915049 /* CityListingView.swift */; };
		EFDEF4F62785C5A0002549DA /* ForecastModel.swift in Sources */ = {isa = PBXBuildFile; fileRef = EFDEF4F52785C5A0002549DA /* ForecastModel.swift */; };
		EFDEF4F92785E47B002549DA /* Date+Additions.swift in Sources */ = {isa = PBXBuildFile; fileRef = EFDEF4F82785E47B002549DA /* Date+Additions.swift */; };
/* End PBXBuildFile section */

/* Begin PBXFileReference section */
		EF4147D126DAC62900F06B42 /* weather-app-test.app */ = {isa = PBXFileReference; explicitFileType = wrapper.application; includeInIndex = 0; path = "weather-app-test.app"; sourceTree = BUILT_PRODUCTS_DIR; };
		EF4147D426DAC62900F06B42 /* AppDelegate.swift */ = {isa = PBXFileReference; lastKnownFileType = sourcecode.swift; path = AppDelegate.swift; sourceTree = "<group>"; };
		EF4147D626DAC62900F06B42 /* SceneDelegate.swift */ = {isa = PBXFileReference; lastKnownFileType = sourcecode.swift; path = SceneDelegate.swift; sourceTree = "<group>"; };
		EF4147D826DAC62900F06B42 /* ContentView.swift */ = {isa = PBXFileReference; lastKnownFileType = sourcecode.swift; path = ContentView.swift; sourceTree = "<group>"; };
		EF4147DB26DAC62900F06B42 /* weather_app_test.xcdatamodel */ = {isa = PBXFileReference; lastKnownFileType = wrapper.xcdatamodel; path = weather_app_test.xcdatamodel; sourceTree = "<group>"; };
		EF4147DD26DAC63000F06B42 /* Assets.xcassets */ = {isa = PBXFileReference; lastKnownFileType = folder.assetcatalog; path = Assets.xcassets; sourceTree = "<group>"; };
		EF4147E026DAC63000F06B42 /* Preview Assets.xcassets */ = {isa = PBXFileReference; lastKnownFileType = folder.assetcatalog; path = "Preview Assets.xcassets"; sourceTree = "<group>"; };
		EF4147E326DAC63000F06B42 /* Base */ = {isa = PBXFileReference; lastKnownFileType = file.storyboard; name = Base; path = Base.lproj/LaunchScreen.storyboard; sourceTree = "<group>"; };
		EF4147E526DAC63000F06B42 /* Info.plist */ = {isa = PBXFileReference; lastKnownFileType = text.plist.xml; path = Info.plist; sourceTree = "<group>"; };
		EF6905EB278492970033023F /* StringConstants.swift */ = {isa = PBXFileReference; lastKnownFileType = sourcecode.swift; path = StringConstants.swift; sourceTree = "<group>"; };
		EF80D926277B46D0006CE16A /* Cities.swift */ = {isa = PBXFileReference; lastKnownFileType = sourcecode.swift; path = Cities.swift; sourceTree = "<group>"; };
		EF80D92F277B62BC006CE16A /* CityRow.swift */ = {isa = PBXFileReference; lastKnownFileType = sourcecode.swift; path = CityRow.swift; sourceTree = "<group>"; };
		EFC819882768968500C37BD1 /* WeatherManager.swift */ = {isa = PBXFileReference; lastKnownFileType = sourcecode.swift; path = WeatherManager.swift; sourceTree = "<group>"; };
		EFC8198C276896E100C37BD1 /* CurrentWeather.swift */ = {isa = PBXFileReference; lastKnownFileType = sourcecode.swift; path = CurrentWeather.swift; sourceTree = "<group>"; };
		EFCCB5592779F6CB00915049 /* CityListingView.swift */ = {isa = PBXFileReference; lastKnownFileType = sourcecode.swift; path = CityListingView.swift; sourceTree = "<group>"; };
		EFDEF4F52785C5A0002549DA /* ForecastModel.swift */ = {isa = PBXFileReference; lastKnownFileType = sourcecode.swift; path = ForecastModel.swift; sourceTree = "<group>"; };
		EFDEF4F82785E47B002549DA /* Date+Additions.swift */ = {isa = PBXFileReference; lastKnownFileType = sourcecode.swift; path = "Date+Additions.swift"; sourceTree = "<group>"; };
/* End PBXFileReference section */

/* Begin PBXFrameworksBuildPhase section */
		EF4147CE26DAC62900F06B42 /* Frameworks */ = {
			isa = PBXFrameworksBuildPhase;
			buildActionMask = 2147483647;
			files = (
			);
			runOnlyForDeploymentPostprocessing = 0;
		};
/* End PBXFrameworksBuildPhase section */

/* Begin PBXGroup section */
		EF4147C826DAC62900F06B42 = {
			isa = PBXGroup;
			children = (
				EF4147D326DAC62900F06B42 /* weather-app-test */,
				EF4147D226DAC62900F06B42 /* Products */,
			);
			sourceTree = "<group>";
		};
		EF4147D226DAC62900F06B42 /* Products */ = {
			isa = PBXGroup;
			children = (
				EF4147D126DAC62900F06B42 /* weather-app-test.app */,
			);
			name = Products;
			sourceTree = "<group>";
		};
		EF4147D326DAC62900F06B42 /* weather-app-test */ = {
			isa = PBXGroup;
			children = (
				EF6905E6278492570033023F /* Constants */,
				EF880DE2277DA18D008D19F7 /* Extensions */,
				EF80D929277B6291006CE16A /* CustomViews */,
				EFC819872768966F00C37BD1 /* Managers */,
				EFA5E1012760B02B00D6AFA1 /* Models */,
				EFA5E1002760B00C00D6AFA1 /* Views */,
				EF4147D426DAC62900F06B42 /* AppDelegate.swift */,
				EF4147D626DAC62900F06B42 /* SceneDelegate.swift */,
				EF4147DD26DAC63000F06B42 /* Assets.xcassets */,
				EF4147E226DAC63000F06B42 /* LaunchScreen.storyboard */,
				EF4147E526DAC63000F06B42 /* Info.plist */,
				EF4147DA26DAC62900F06B42 /* weather_app_test.xcdatamodeld */,
				EF4147DF26DAC63000F06B42 /* Preview Content */,
			);
			path = "weather-app-test";
			sourceTree = "<group>";
		};
		EF4147DF26DAC63000F06B42 /* Preview Content */ = {
			isa = PBXGroup;
			children = (
				EF4147E026DAC63000F06B42 /* Preview Assets.xcassets */,
			);
			path = "Preview Content";
			sourceTree = "<group>";
		};
		EF6905E6278492570033023F /* Constants */ = {
			isa = PBXGroup;
			children = (
				EF6905EB278492970033023F /* StringConstants.swift */,
			);
			path = Constants;
			sourceTree = "<group>";
		};
		EF80D929277B6291006CE16A /* CustomViews */ = {
			isa = PBXGroup;
			children = (
				EF80D92F277B62BC006CE16A /* CityRow.swift */,
			);
			path = CustomViews;
			sourceTree = "<group>";
		};
		EF880DE2277DA18D008D19F7 /* Extensions */ = {
			isa = PBXGroup;
			children = (
				EFDEF4F82785E47B002549DA /* Date+Additions.swift */,
			);
			path = Extensions;
			sourceTree = "<group>";
		};
		EFA5E1002760B00C00D6AFA1 /* Views */ = {
			isa = PBXGroup;
			children = (
				EFCCB5582779F5CB00915049 /* CityList */,
				EFC819902768A8FC00C37BD1 /* HomePageView */,
			);
			path = Views;
			sourceTree = "<group>";
		};
		EFA5E1012760B02B00D6AFA1 /* Models */ = {
			isa = PBXGroup;
			children = (
				EFC8198C276896E100C37BD1 /* CurrentWeather.swift */,
				EF80D926277B46D0006CE16A /* Cities.swift */,
				EFDEF4F52785C5A0002549DA /* ForecastModel.swift */,
			);
			path = Models;
			sourceTree = "<group>";
		};
		EFC819872768966F00C37BD1 /* Managers */ = {
			isa = PBXGroup;
			children = (
				EFC819882768968500C37BD1 /* WeatherManager.swift */,
			);
			path = Managers;
			sourceTree = "<group>";
		};
		EFC819902768A8FC00C37BD1 /* HomePageView */ = {
			isa = PBXGroup;
			children = (
				EF4147D826DAC62900F06B42 /* ContentView.swift */,
			);
			path = HomePageView;
			sourceTree = "<group>";
		};
		EFCCB5582779F5CB00915049 /* CityList */ = {
			isa = PBXGroup;
			children = (
				EFCCB5592779F6CB00915049 /* CityListingView.swift */,
			);
			path = CityList;
			sourceTree = "<group>";
		};
/* End PBXGroup section */

/* Begin PBXNativeTarget section */
		EF4147D026DAC62900F06B42 /* weather-app-test */ = {
			isa = PBXNativeTarget;
			buildConfigurationList = EF4147E826DAC63100F06B42 /* Build configuration list for PBXNativeTarget "weather-app-test" */;
			buildPhases = (
				EF4147CD26DAC62900F06B42 /* Sources */,
				EF4147CE26DAC62900F06B42 /* Frameworks */,
				EF4147CF26DAC62900F06B42 /* Resources */,
			);
			buildRules = (
			);
			dependencies = (
			);
			name = "weather-app-test";
			productName = "weather-app-test";
			productReference = EF4147D126DAC62900F06B42 /* weather-app-test.app */;
			productType = "com.apple.product-type.application";
		};
/* End PBXNativeTarget section */

/* Begin PBXProject section */
		EF4147C926DAC62900F06B42 /* Project object */ = {
			isa = PBXProject;
			attributes = {
				LastSwiftUpdateCheck = 1230;
				LastUpgradeCheck = 1230;
				TargetAttributes = {
					EF4147D026DAC62900F06B42 = {
						CreatedOnToolsVersion = 12.3;
					};
				};
			};
			buildConfigurationList = EF4147CC26DAC62900F06B42 /* Build configuration list for PBXProject "weather-app-test" */;
			compatibilityVersion = "Xcode 9.3";
			developmentRegion = en;
			hasScannedForEncodings = 0;
			knownRegions = (
				en,
				Base,
			);
			mainGroup = EF4147C826DAC62900F06B42;
			productRefGroup = EF4147D226DAC62900F06B42 /* Products */;
			projectDirPath = "";
			projectRoot = "";
			targets = (
				EF4147D026DAC62900F06B42 /* weather-app-test */,
			);
		};
/* End PBXProject section */

/* Begin PBXResourcesBuildPhase section */
		EF4147CF26DAC62900F06B42 /* Resources */ = {
			isa = PBXResourcesBuildPhase;
			buildActionMask = 2147483647;
			files = (
				EF4147E426DAC63000F06B42 /* LaunchScreen.storyboard in Resources */,
				EF4147E126DAC63000F06B42 /* Preview Assets.xcassets in Resources */,
				EF4147DE26DAC63000F06B42 /* Assets.xcassets in Resources */,
			);
			runOnlyForDeploymentPostprocessing = 0;
		};
/* End PBXResourcesBuildPhase section */

/* Begin PBXSourcesBuildPhase section */
		EF4147CD26DAC62900F06B42 /* Sources */ = {
			isa = PBXSourcesBuildPhase;
			buildActionMask = 2147483647;
			files = (
				EF4147DC26DAC62900F06B42 /* weather_app_test.xcdatamodeld in Sources */,
				EF4147D526DAC62900F06B42 /* AppDelegate.swift in Sources */,
				EFC819892768968500C37BD1 /* WeatherManager.swift in Sources */,
				EFDEF4F92785E47B002549DA /* Date+Additions.swift in Sources */,
				EF4147D726DAC62900F06B42 /* SceneDelegate.swift in Sources */,
				EF6905EC278492970033023F /* StringConstants.swift in Sources */,
				EF80D930277B62BC006CE16A /* CityRow.swift in Sources */,
				EFC8198D276896E100C37BD1 /* CurrentWeather.swift in Sources */,
				EF80D927277B46D0006CE16A /* Cities.swift in Sources */,
				EFDEF4F62785C5A0002549DA /* ForecastModel.swift in Sources */,
				EFCCB55A2779F6CB00915049 /* CityListingView.swift in Sources */,
				EF4147D926DAC62900F06B42 /* ContentView.swift in Sources */,
			);
			runOnlyForDeploymentPostprocessing = 0;
		};
/* End PBXSourcesBuildPhase section */

/* Begin PBXVariantGroup section */
		EF4147E226DAC63000F06B42 /* LaunchScreen.storyboard */ = {
			isa = PBXVariantGroup;
			children = (
				EF4147E326DAC63000F06B42 /* Base */,
			);
			name = LaunchScreen.storyboard;
			sourceTree = "<group>";
		};
/* End PBXVariantGroup section */

/* Begin XCBuildConfiguration section */
		EF4147E626DAC63000F06B42 /* Debug */ = {
			isa = XCBuildConfiguration;
			buildSettings = {
				ALWAYS_SEARCH_USER_PATHS = NO;
				CLANG_ANALYZER_NONNULL = YES;
				CLANG_ANALYZER_NUMBER_OBJECT_CONVERSION = YES_AGGRESSIVE;
				CLANG_CXX_LANGUAGE_STANDARD = "gnu++14";
				CLANG_CXX_LIBRARY = "libc++";
				CLANG_ENABLE_MODULES = YES;
				CLANG_ENABLE_OBJC_ARC = YES;
				CLANG_ENABLE_OBJC_WEAK = YES;
				CLANG_WARN_BLOCK_CAPTURE_AUTORELEASING = YES;
				CLANG_WARN_BOOL_CONVERSION = YES;
				CLANG_WARN_COMMA = YES;
				CLANG_WARN_CONSTANT_CONVERSION = YES;
				CLANG_WARN_DEPRECATED_OBJC_IMPLEMENTATIONS = YES;
				CLANG_WARN_DIRECT_OBJC_ISA_USAGE = YES_ERROR;
				CLANG_WARN_DOCUMENTATION_COMMENTS = YES;
				CLANG_WARN_EMPTY_BODY = YES;
				CLANG_WARN_ENUM_CONVERSION = YES;
				CLANG_WARN_INFINITE_RECURSION = YES;
				CLANG_WARN_INT_CONVERSION = YES;
				CLANG_WARN_NON_LITERAL_NULL_CONVERSION = YES;
				CLANG_WARN_OBJC_IMPLICIT_RETAIN_SELF = YES;
				CLANG_WARN_OBJC_LITERAL_CONVERSION = YES;
				CLANG_WARN_OBJC_ROOT_CLASS = YES_ERROR;
				CLANG_WARN_QUOTED_INCLUDE_IN_FRAMEWORK_HEADER = YES;
				CLANG_WARN_RANGE_LOOP_ANALYSIS = YES;
				CLANG_WARN_STRICT_PROTOTYPES = YES;
				CLANG_WARN_SUSPICIOUS_MOVE = YES;
				CLANG_WARN_UNGUARDED_AVAILABILITY = YES_AGGRESSIVE;
				CLANG_WARN_UNREACHABLE_CODE = YES;
				CLANG_WARN__DUPLICATE_METHOD_MATCH = YES;
				COPY_PHASE_STRIP = NO;
				DEBUG_INFORMATION_FORMAT = dwarf;
				ENABLE_STRICT_OBJC_MSGSEND = YES;
				ENABLE_TESTABILITY = YES;
				GCC_C_LANGUAGE_STANDARD = gnu11;
				GCC_DYNAMIC_NO_PIC = NO;
				GCC_NO_COMMON_BLOCKS = YES;
				GCC_OPTIMIZATION_LEVEL = 0;
				GCC_PREPROCESSOR_DEFINITIONS = (
					"DEBUG=1",
					"$(inherited)",
				);
				GCC_WARN_64_TO_32_BIT_CONVERSION = YES;
				GCC_WARN_ABOUT_RETURN_TYPE = YES_ERROR;
				GCC_WARN_UNDECLARED_SELECTOR = YES;
				GCC_WARN_UNINITIALIZED_AUTOS = YES_AGGRESSIVE;
				GCC_WARN_UNUSED_FUNCTION = YES;
				GCC_WARN_UNUSED_VARIABLE = YES;
				IPHONEOS_DEPLOYMENT_TARGET = 14.3;
				MTL_ENABLE_DEBUG_INFO = INCLUDE_SOURCE;
				MTL_FAST_MATH = YES;
				ONLY_ACTIVE_ARCH = YES;
				SDKROOT = iphoneos;
				SWIFT_ACTIVE_COMPILATION_CONDITIONS = DEBUG;
				SWIFT_OPTIMIZATION_LEVEL = "-Onone";
			};
			name = Debug;
		};
		EF4147E726DAC63100F06B42 /* Release */ = {
			isa = XCBuildConfiguration;
			buildSettings = {
				ALWAYS_SEARCH_USER_PATHS = NO;
				CLANG_ANALYZER_NONNULL = YES;
				CLANG_ANALYZER_NUMBER_OBJECT_CONVERSION = YES_AGGRESSIVE;
				CLANG_CXX_LANGUAGE_STANDARD = "gnu++14";
				CLANG_CXX_LIBRARY = "libc++";
				CLANG_ENABLE_MODULES = YES;
				CLANG_ENABLE_OBJC_ARC = YES;
				CLANG_ENABLE_OBJC_WEAK = YES;
				CLANG_WARN_BLOCK_CAPTURE_AUTORELEASING = YES;
				CLANG_WARN_BOOL_CONVERSION = YES;
				CLANG_WARN_COMMA = YES;
				CLANG_WARN_CONSTANT_CONVERSION = YES;
				CLANG_WARN_DEPRECATED_OBJC_IMPLEMENTATIONS = YES;
				CLANG_WARN_DIRECT_OBJC_ISA_USAGE = YES_ERROR;
				CLANG_WARN_DOCUMENTATION_COMMENTS = YES;
				CLANG_WARN_EMPTY_BODY = YES;
				CLANG_WARN_ENUM_CONVERSION = YES;
				CLANG_WARN_INFINITE_RECURSION = YES;
				CLANG_WARN_INT_CONVERSION = YES;
				CLANG_WARN_NON_LITERAL_NULL_CONVERSION = YES;
				CLANG_WARN_OBJC_IMPLICIT_RETAIN_SELF = YES;
				CLANG_WARN_OBJC_LITERAL_CONVERSION = YES;
				CLANG_WARN_OBJC_ROOT_CLASS = YES_ERROR;
				CLANG_WARN_QUOTED_INCLUDE_IN_FRAMEWORK_HEADER = YES;
				CLANG_WARN_RANGE_LOOP_ANALYSIS = YES;
				CLANG_WARN_STRICT_PROTOTYPES = YES;
				CLANG_WARN_SUSPICIOUS_MOVE = YES;
				CLANG_WARN_UNGUARDED_AVAILABILITY = YES_AGGRESSIVE;
				CLANG_WARN_UNREACHABLE_CODE = YES;
				CLANG_WARN__DUPLICATE_METHOD_MATCH = YES;
				COPY_PHASE_STRIP = NO;
				DEBUG_INFORMATION_FORMAT = "dwarf-with-dsym";
				ENABLE_NS_ASSERTIONS = NO;
				ENABLE_STRICT_OBJC_MSGSEND = YES;
				GCC_C_LANGUAGE_STANDARD = gnu11;
				GCC_NO_COMMON_BLOCKS = YES;
				GCC_WARN_64_TO_32_BIT_CONVERSION = YES;
				GCC_WARN_ABOUT_RETURN_TYPE = YES_ERROR;
				GCC_WARN_UNDECLARED_SELECTOR = YES;
				GCC_WARN_UNINITIALIZED_AUTOS = YES_AGGRESSIVE;
				GCC_WARN_UNUSED_FUNCTION = YES;
				GCC_WARN_UNUSED_VARIABLE = YES;
				IPHONEOS_DEPLOYMENT_TARGET = 14.3;
				MTL_ENABLE_DEBUG_INFO = NO;
				MTL_FAST_MATH = YES;
				SDKROOT = iphoneos;
				SWIFT_COMPILATION_MODE = wholemodule;
				SWIFT_OPTIMIZATION_LEVEL = "-O";
				VALIDATE_PRODUCT = YES;
			};
			name = Release;
		};
		EF4147E926DAC63100F06B42 /* Debug */ = {
			isa = XCBuildConfiguration;
			buildSettings = {
				ASSETCATALOG_COMPILER_APPICON_NAME = AppIcon;
				ASSETCATALOG_COMPILER_GLOBAL_ACCENT_COLOR_NAME = AccentColor;
				CODE_SIGN_STYLE = Automatic;
				DEVELOPMENT_ASSET_PATHS = "\"weather-app-test/Preview Content\"";
				DEVELOPMENT_TEAM = 2SHY498Y8F;
				ENABLE_PREVIEWS = YES;
				INFOPLIST_FILE = "weather-app-test/Info.plist";
				LD_RUNPATH_SEARCH_PATHS = (
					"$(inherited)",
					"@executable_path/Frameworks",
				);
				PRODUCT_BUNDLE_IDENTIFIER = "com.test.weather-app-test";
				PRODUCT_NAME = "$(TARGET_NAME)";
				SWIFT_VERSION = 5.0;
				TARGETED_DEVICE_FAMILY = "1,2";
			};
			name = Debug;
		};
		EF4147EA26DAC63100F06B42 /* Release */ = {
			isa = XCBuildConfiguration;
			buildSettings = {
				ASSETCATALOG_COMPILER_APPICON_NAME = AppIcon;
				ASSETCATALOG_COMPILER_GLOBAL_ACCENT_COLOR_NAME = AccentColor;
				CODE_SIGN_STYLE = Automatic;
				DEVELOPMENT_ASSET_PATHS = "\"weather-app-test/Preview Content\"";
				DEVELOPMENT_TEAM = 2SHY498Y8F;
				ENABLE_PREVIEWS = YES;
				INFOPLIST_FILE = "weather-app-test/Info.plist";
				LD_RUNPATH_SEARCH_PATHS = (
					"$(inherited)",
					"@executable_path/Frameworks",
				);
				PRODUCT_BUNDLE_IDENTIFIER = "com.test.weather-app-test";
				PRODUCT_NAME = "$(TARGET_NAME)";
				SWIFT_VERSION = 5.0;
				TARGETED_DEVICE_FAMILY = "1,2";
			};
			name = Release;
		};
/* End XCBuildConfiguration section */

/* Begin XCConfigurationList section */
		EF4147CC26DAC62900F06B42 /* Build configuration list for PBXProject "weather-app-test" */ = {
			isa = XCConfigurationList;
			buildConfigurations = (
				EF4147E626DAC63000F06B42 /* Debug */,
				EF4147E726DAC63100F06B42 /* Release */,
			);
			defaultConfigurationIsVisible = 0;
			defaultConfigurationName = Release;
		};
		EF4147E826DAC63100F06B42 /* Build configuration list for PBXNativeTarget "weather-app-test" */ = {
			isa = XCConfigurationList;
			buildConfigurations = (
				EF4147E926DAC63100F06B42 /* Debug */,
				EF4147EA26DAC63100F06B42 /* Release */,
			);
			defaultConfigurationIsVisible = 0;
			defaultConfigurationName = Release;
		};
/* End XCConfigurationList section */

/* Begin XCVersionGroup section */
		EF4147DA26DAC62900F06B42 /* weather_app_test.xcdatamodeld */ = {
			isa = XCVersionGroup;
			children = (
				EF4147DB26DAC62900F06B42 /* weather_app_test.xcdatamodel */,
			);
			currentVersion = EF4147DB26DAC62900F06B42 /* weather_app_test.xcdatamodel */;
			path = weather_app_test.xcdatamodeld;
			sourceTree = "<group>";
			versionGroupType = wrapper.xcdatamodel;
		};
/* End XCVersionGroup section */
	};
	rootObject = EF4147C926DAC62900F06B42 /* Project object */;
}
